
Microsoft Visual Studio Solution File, Format Version 12.00
# Visual Studio Version 17
VisualStudioVersion = 17.9.34526.213
MinimumVisualStudioVersion = 10.0.40219.1
Project("{9A19103F-16F7-4668-BE54-9A1E7A4F7556}") = "HomeAssistantNetDaemon", "HomeAssistantNetDaemon.csproj", "{05DBBB54-626B-4B8D-8EEF-4719B84F38FD}"
EndProject
Global
	GlobalSection(SolutionConfigurationPlatforms) = preSolution
		Debug|Any CPU = Debug|Any CPU
		Release|Any CPU = Release|Any CPU
	EndGlobalSection
	GlobalSection(ProjectConfigurationPlatforms) = postSolution
		{05DBBB54-626B-4B8D-8EEF-4719B84F38FD}.Debug|Any CPU.ActiveCfg = Debug|Any CPU
		{05DBBB54-626B-4B8D-8EEF-4719B84F38FD}.Debug|Any CPU.Build.0 = Debug|Any CPU
		{05DBBB54-626B-4B8D-8EEF-4719B84F38FD}.Release|Any CPU.ActiveCfg = Release|Any CPU
		{05DBBB54-626B-4B8D-8EEF-4719B84F38FD}.Release|Any CPU.Build.0 = Release|Any CPU
	EndGlobalSection
	GlobalSection(SolutionProperties) = preSolution
		HideSolutionNode = FALSE
	EndGlobalSection
	GlobalSection(ExtensibilityGlobals) = postSolution
		SolutionGuid = {1C8D44D8-2063-46FB-A324-FBFECE0E36F4}
	EndGlobalSection
EndGlobal
